
Microsoft Visual Studio Solution File, Format Version 12.00
# Visual Studio 14
VisualStudioVersion = 14.0.25420.1
MinimumVisualStudioVersion = 10.0.40219.1
Project("{2150E333-8FDC-42A3-9474-1A3956D46DE8}") = "src", "src", "{899E970E-6FDA-4B5E-942F-33B1FCCF5DD5}"
EndProject
Project("{2150E333-8FDC-42A3-9474-1A3956D46DE8}") = "Solution Items", "Solution Items", "{4988A786-D80D-4690-83E7-3EBB09F23FF9}"
	ProjectSection(SolutionItems) = preProject
		Build.ps1 = Build.ps1
		global.json = global.json
	EndProjectSection
EndProject
Project("{8BB2217D-0F2D-49D1-97BC-3654ED321F3B}") = "Serilog.Sinks.Redis", "src\Serilog.Sinks.Redis\Serilog.Sinks.Redis.xproj", "{13D39C61-B8D6-49A5-AF1A-0304897EB243}"
EndProject
Project("{2150E333-8FDC-42A3-9474-1A3956D46DE8}") = "test", "test", "{4BF12526-CC8C-4C7C-ABD1-663EA8B164DF}"
EndProject
Project("{8BB2217D-0F2D-49D1-97BC-3654ED321F3B}") = "Serilog.Sinks.Redis.Tests", "test\Serilog.Sinks.Redis.Tests\Serilog.Sinks.Redis.Tests.xproj", "{C4F02A3E-4DF6-4B43-9949-58C65A3193F4}"
EndProject
Project("{8BB2217D-0F2D-49D1-97BC-3654ED321F3B}") = "Serilog.Sinks.Redis.IntegrationTests", "test\Serilog.Sinks.Redis.IntegrationTests\Serilog.Sinks.Redis.IntegrationTests.xproj", "{BC890742-9418-42ED-AA0B-8E0B1932F5E3}"
EndProject
Global
	GlobalSection(SolutionConfigurationPlatforms) = preSolution
		Debug|Any CPU = Debug|Any CPU
		Release|Any CPU = Release|Any CPU
	EndGlobalSection
	GlobalSection(ProjectConfigurationPlatforms) = postSolution
		{13D39C61-B8D6-49A5-AF1A-0304897EB243}.Debug|Any CPU.ActiveCfg = Debug|Any CPU
		{13D39C61-B8D6-49A5-AF1A-0304897EB243}.Debug|Any CPU.Build.0 = Debug|Any CPU
		{13D39C61-B8D6-49A5-AF1A-0304897EB243}.Release|Any CPU.ActiveCfg = Release|Any CPU
		{13D39C61-B8D6-49A5-AF1A-0304897EB243}.Release|Any CPU.Build.0 = Release|Any CPU
		{C4F02A3E-4DF6-4B43-9949-58C65A3193F4}.Debug|Any CPU.ActiveCfg = Debug|Any CPU
		{C4F02A3E-4DF6-4B43-9949-58C65A3193F4}.Debug|Any CPU.Build.0 = Debug|Any CPU
		{C4F02A3E-4DF6-4B43-9949-58C65A3193F4}.Release|Any CPU.ActiveCfg = Release|Any CPU
		{C4F02A3E-4DF6-4B43-9949-58C65A3193F4}.Release|Any CPU.Build.0 = Release|Any CPU
		{BC890742-9418-42ED-AA0B-8E0B1932F5E3}.Debug|Any CPU.ActiveCfg = Debug|Any CPU
		{BC890742-9418-42ED-AA0B-8E0B1932F5E3}.Debug|Any CPU.Build.0 = Debug|Any CPU
		{BC890742-9418-42ED-AA0B-8E0B1932F5E3}.Release|Any CPU.ActiveCfg = Release|Any CPU
		{BC890742-9418-42ED-AA0B-8E0B1932F5E3}.Release|Any CPU.Build.0 = Release|Any CPU
	EndGlobalSection
	GlobalSection(SolutionProperties) = preSolution
		HideSolutionNode = FALSE
	EndGlobalSection
	GlobalSection(NestedProjects) = preSolution
		{13D39C61-B8D6-49A5-AF1A-0304897EB243} = {899E970E-6FDA-4B5E-942F-33B1FCCF5DD5}
		{C4F02A3E-4DF6-4B43-9949-58C65A3193F4} = {4BF12526-CC8C-4C7C-ABD1-663EA8B164DF}
		{BC890742-9418-42ED-AA0B-8E0B1932F5E3} = {4BF12526-CC8C-4C7C-ABD1-663EA8B164DF}
	EndGlobalSection
EndGlobal
